
Microsoft Visual Studio Solution File, Format Version 12.00
# Visual Studio 15
VisualStudioVersion = 15.0.27703.2026
MinimumVisualStudioVersion = 10.0.40219.1
Project("{FAE04EC0-301F-11D3-BF4B-00C04F79EFBC}") = "GUI_MANAGER", "GUI_MANAGER\GUI_MANAGER.csproj", "{10AC8AD1-646B-4639-882C-3041A2F8DC9C}"
EndProject
Project("{FAE04EC0-301F-11D3-BF4B-00C04F79EFBC}") = "DTO_MANAGER", "DTO_MANAGER\DTO_MANAGER.csproj", "{A5E1490D-60E3-4F5D-A13F-004114BD3D1D}"
EndProject
Project("{FAE04EC0-301F-11D3-BF4B-00C04F79EFBC}") = "DAL_MANAGER", "DAL_MANAGER\DAL_MANAGER.csproj", "{AD678570-9E5F-4C75-A055-FB2501A5E06C}"
EndProject
Project("{FAE04EC0-301F-11D3-BF4B-00C04F79EFBC}") = "BUS_MANAGER", "BUS_MANAGER\BUS_MANAGER.csproj", "{E18022A6-070A-436E-B2D4-427DEE36BD5B}"
EndProject
Global
	GlobalSection(SolutionConfigurationPlatforms) = preSolution
		Debug|Any CPU = Debug|Any CPU
		Release|Any CPU = Release|Any CPU
	EndGlobalSection
	GlobalSection(ProjectConfigurationPlatforms) = postSolution
		{10AC8AD1-646B-4639-882C-3041A2F8DC9C}.Debug|Any CPU.ActiveCfg = Debug|Any CPU
		{10AC8AD1-646B-4639-882C-3041A2F8DC9C}.Debug|Any CPU.Build.0 = Debug|Any CPU
		{10AC8AD1-646B-4639-882C-3041A2F8DC9C}.Release|Any CPU.ActiveCfg = Release|Any CPU
		{10AC8AD1-646B-4639-882C-3041A2F8DC9C}.Release|Any CPU.Build.0 = Release|Any CPU
		{A5E1490D-60E3-4F5D-A13F-004114BD3D1D}.Debug|Any CPU.ActiveCfg = Debug|Any CPU
		{A5E1490D-60E3-4F5D-A13F-004114BD3D1D}.Debug|Any CPU.Build.0 = Debug|Any CPU
		{A5E1490D-60E3-4F5D-A13F-004114BD3D1D}.Release|Any CPU.ActiveCfg = Release|Any CPU
		{A5E1490D-60E3-4F5D-A13F-004114BD3D1D}.Release|Any CPU.Build.0 = Release|Any CPU
		{AD678570-9E5F-4C75-A055-FB2501A5E06C}.Debug|Any CPU.ActiveCfg = Debug|Any CPU
		{AD678570-9E5F-4C75-A055-FB2501A5E06C}.Debug|Any CPU.Build.0 = Debug|Any CPU
		{AD678570-9E5F-4C75-A055-FB2501A5E06C}.Release|Any CPU.ActiveCfg = Release|Any CPU
		{AD678570-9E5F-4C75-A055-FB2501A5E06C}.Release|Any CPU.Build.0 = Release|Any CPU
		{E18022A6-070A-436E-B2D4-427DEE36BD5B}.Debug|Any CPU.ActiveCfg = Debug|Any CPU
		{E18022A6-070A-436E-B2D4-427DEE36BD5B}.Debug|Any CPU.Build.0 = Debug|Any CPU
		{E18022A6-070A-436E-B2D4-427DEE36BD5B}.Release|Any CPU.ActiveCfg = Release|Any CPU
		{E18022A6-070A-436E-B2D4-427DEE36BD5B}.Release|Any CPU.Build.0 = Release|Any CPU
	EndGlobalSection
	GlobalSection(SolutionProperties) = preSolution
		HideSolutionNode = FALSE
	EndGlobalSection
	GlobalSection(ExtensibilityGlobals) = postSolution
		SolutionGuid = {2A6D312F-A7BB-4165-BAC7-791DFB1DC184}
	EndGlobalSection
EndGlobal
