
Microsoft Visual Studio Solution File, Format Version 12.00
# Visual Studio 15
VisualStudioVersion = 15.0.27703.2026
MinimumVisualStudioVersion = 10.0.40219.1
Project("{FAE04EC0-301F-11D3-BF4B-00C04F79EFBC}") = "GUI_MANAGER", "GUI_MANAGER\GUI_MANAGER.csproj", "{10AC8AD1-646B-4639-882C-3041A2F8DC9C}"
EndProject
Project("{FAE04EC0-301F-11D3-BF4B-00C04F79EFBC}") = "DTO_MANAGER", "DTO_MANAGER\DTO_MANAGER.csproj", "{179C2921-18F2-42C0-8647-D34EF8D9E9B4}"
EndProject
Global
	GlobalSection(SolutionConfigurationPlatforms) = preSolution
		Debug|Any CPU = Debug|Any CPU
		Release|Any CPU = Release|Any CPU
	EndGlobalSection
	GlobalSection(ProjectConfigurationPlatforms) = postSolution
		{10AC8AD1-646B-4639-882C-3041A2F8DC9C}.Debug|Any CPU.ActiveCfg = Debug|Any CPU
		{10AC8AD1-646B-4639-882C-3041A2F8DC9C}.Debug|Any CPU.Build.0 = Debug|Any CPU
		{10AC8AD1-646B-4639-882C-3041A2F8DC9C}.Release|Any CPU.ActiveCfg = Release|Any CPU
		{10AC8AD1-646B-4639-882C-3041A2F8DC9C}.Release|Any CPU.Build.0 = Release|Any CPU
		{179C2921-18F2-42C0-8647-D34EF8D9E9B4}.Debug|Any CPU.ActiveCfg = Debug|Any CPU
		{179C2921-18F2-42C0-8647-D34EF8D9E9B4}.Debug|Any CPU.Build.0 = Debug|Any CPU
		{179C2921-18F2-42C0-8647-D34EF8D9E9B4}.Release|Any CPU.ActiveCfg = Release|Any CPU
		{179C2921-18F2-42C0-8647-D34EF8D9E9B4}.Release|Any CPU.Build.0 = Release|Any CPU
	EndGlobalSection
	GlobalSection(SolutionProperties) = preSolution
		HideSolutionNode = FALSE
	EndGlobalSection
	GlobalSection(ExtensibilityGlobals) = postSolution
		SolutionGuid = {2A6D312F-A7BB-4165-BAC7-791DFB1DC184}
	EndGlobalSection
EndGlobal
